
Microsoft Visual Studio Solution File, Format Version 12.00
# Visual Studio 14
VisualStudioVersion = 14.0.25420.1
MinimumVisualStudioVersion = 10.0.40219.1
Project("{FAE04EC0-301F-11D3-BF4B-00C04F79EFBC}") = "PerfomanceDashboard", "PerfomanceDashboard\PerfomanceDashboard.csproj", "{E979F65F-247C-4884-95AF-E5E593BFA5DD}"
EndProject
Global
	GlobalSection(SolutionConfigurationPlatforms) = preSolution
		Debug|Any CPU = Debug|Any CPU
		Release|Any CPU = Release|Any CPU
	EndGlobalSection
	GlobalSection(ProjectConfigurationPlatforms) = postSolution
		{E979F65F-247C-4884-95AF-E5E593BFA5DD}.Debug|Any CPU.ActiveCfg = Debug|Any CPU
		{E979F65F-247C-4884-95AF-E5E593BFA5DD}.Debug|Any CPU.Build.0 = Debug|Any CPU
		{E979F65F-247C-4884-95AF-E5E593BFA5DD}.Release|Any CPU.ActiveCfg = Release|Any CPU
		{E979F65F-247C-4884-95AF-E5E593BFA5DD}.Release|Any CPU.Build.0 = Release|Any CPU
	EndGlobalSection
	GlobalSection(SolutionProperties) = preSolution
		HideSolutionNode = FALSE
	EndGlobalSection
EndGlobal
